
Microsoft Visual Studio Solution File, Format Version 12.00
# Visual Studio Version 16
VisualStudioVersion = 16.0.34601.136
MinimumVisualStudioVersion = 10.0.40219.1
Project("{FAE04EC0-301F-11D3-BF4B-00C04F79EFBC}") = "ConsoleApp2", "ConsoleApp2\ConsoleApp2.csproj", "{DDF67F94-46E7-4A07-893E-1D833F25ADB1}"
EndProject
Global
	GlobalSection(SolutionConfigurationPlatforms) = preSolution
		Debug|Any CPU = Debug|Any CPU
		Release|Any CPU = Release|Any CPU
	EndGlobalSection
	GlobalSection(ProjectConfigurationPlatforms) = postSolution
		{DDF67F94-46E7-4A07-893E-1D833F25ADB1}.Debug|Any CPU.ActiveCfg = Debug|Any CPU
		{DDF67F94-46E7-4A07-893E-1D833F25ADB1}.Debug|Any CPU.Build.0 = Debug|Any CPU
		{DDF67F94-46E7-4A07-893E-1D833F25ADB1}.Release|Any CPU.ActiveCfg = Release|Any CPU
		{DDF67F94-46E7-4A07-893E-1D833F25ADB1}.Release|Any CPU.Build.0 = Release|Any CPU
	EndGlobalSection
	GlobalSection(SolutionProperties) = preSolution
		HideSolutionNode = FALSE
	EndGlobalSection
	GlobalSection(ExtensibilityGlobals) = postSolution
		SolutionGuid = {862B783A-D5BF-4D8C-A894-9BEC789A489B}
	EndGlobalSection
EndGlobal
